PODS:
  - HoldToClickButton (1.2.0)

DEPENDENCIES:
  - HoldToClickButton (from `../`)

EXTERNAL SOURCES:
  HoldToClickButton:
    :path: "../"

SPEC CHECKSUMS:
  HoldToClickButton: adbaf7fbd0427322e19afefbe5804b14b9f6a1c5

PODFILE CHECKSUM: b09221770085393dc7f5a969d761ef3000566ccc

COCOAPODS: 1.8.3
